<?xml version="1.0" encoding="utf-8"?>
<Project ToolsVersion="4.0" xmlns="http://schemas.microsoft.com/developer/msbuild/2003">
  <ItemGroup>
    <Filter Include="Fichiers sources">
      <UniqueIdentifier>{4FC737F1-C7A5-4376-A066-2A32D752A2FF}</UniqueIdentifier>
      <Extensions>cpp;c;cc;cxx;c++;cppm;ixx;def;odl;idl;hpj;bat;asm;asmx</Extensions>
    </Filter>
    <Filter Include="Fichiers d%27en-tête">
      <UniqueIdentifier>{93995380-89BD-4b04-88EB-625FBE52EBFB}</UniqueIdentifier>
      <Extensions>h;hh;hpp;hxx;h++;hm;inl;inc;ipp;xsd</Extensions>
    </Filter>
    <Filter Include="Fichiers de ressources">
      <UniqueIdentifier>{67DA6AB6-F800-4c08-8B7A-83BB121AAD01}</UniqueIdentifier>
      <Extensions>rc;ico;cur;bmp;dlg;rc2;rct;bin;rgs;gif;jpg;jpeg;jpe;resx;tiff;tif;png;wav;mfcribbon-ms</Extensions>
    </Filter>
  </ItemGroup>
  <ItemGroup>
    <ClInclude Include="include\AppBook\Exports.h">
      <Filter>Fichiers d%27en-tête</Filter>
    </ClInclude>
    <ClInclude Include="include\AppBook\Util\CArgs.h">
      <Filter>Fichiers d%27en-tête</Filter>
    </ClInclude>
    <ClInclude Include="include\AppBook\Util\Colors.h">
      <Filter>Fichiers d%27en-tête</Filter>
    </ClInclude>
    <ClInclude Include="include\AppBook\Util\Delegate.h">
      <Filter>Fichiers d%27en-tête</Filter>
    </ClInclude>
    <ClInclude Include="include\AppBook\Util\Geometry.h">
      <Filter>Fichiers d%27en-tête</Filter>
    </ClInclude>
    <ClInclude Include="include\AppBook\Util\Object.h">
      <Filter>Fichiers d%27en-tête</Filter>
    </ClInclude>
    <ClInclude Include="include\AppBook\Util\StrAcc.h">
      <Filter>Fichiers d%27en-tête</Filter>
    </ClInclude>
    <ClInclude Include="include\AppBook\Util\StrBreak.h">
      <Filter>Fichiers d%27en-tête</Filter>
    </ClInclude>
    <ClInclude Include="include\AppBook\Utf\Glyphes.h">
      <Filter>Fichiers d%27en-tête</Filter>
    </ClInclude>
    <ClInclude Include="include\AppBook\Book\AppBook.h">
      <Filter>Fichiers d%27en-tête</Filter>
    </ClInclude>
    <ClInclude Include="include\AppBook\Book\BookEnums.h">
      <Filter>Fichiers d%27en-tête</Filter>
    </ClInclude>
    <ClInclude Include="include\AppBook\Book\Expect.h">
      <Filter>Fichiers d%27en-tête</Filter>
    </ClInclude>
    <ClInclude Include="include\AppBook\Book\StmlText.h">
      <Filter>Fichiers d%27en-tête</Filter>
    </ClInclude>
    <ClInclude Include="include\AppBook\Book\TextProc.h">
      <Filter>Fichiers d%27en-tête</Filter>
    </ClInclude>
    <ClInclude Include="include\AppBook\Book\Tests\Test.h">
      <Filter>Fichiers d%27en-tête</Filter>
    </ClInclude>
    <ClInclude Include="include\AppBook\Book\SVScanner.h">
      <Filter>Fichiers d%27en-tête</Filter>
    </ClInclude>
  </ItemGroup>
  <ItemGroup>
    <ClCompile Include="src\Util\CArgs.cc">
      <Filter>Fichiers sources</Filter>
    </ClCompile>
    <ClCompile Include="src\Util\Colors.cc">
      <Filter>Fichiers sources</Filter>
    </ClCompile>
    <ClCompile Include="src\Util\Delegate.cc">
      <Filter>Fichiers sources</Filter>
    </ClCompile>
    <ClCompile Include="src\Util\Geometry.cc">
      <Filter>Fichiers sources</Filter>
    </ClCompile>
    <ClCompile Include="src\Util\Object.cc">
      <Filter>Fichiers sources</Filter>
    </ClCompile>
    <ClCompile Include="src\Util\StrAcc.cc">
      <Filter>Fichiers sources</Filter>
    </ClCompile>
    <ClCompile Include="src\Util\StrBreak.cc">
      <Filter>Fichiers sources</Filter>
    </ClCompile>
    <ClCompile Include="src\Utf\Glyphes.cc">
      <Filter>Fichiers sources</Filter>
    </ClCompile>
    <ClCompile Include="src\Book\AppBook.cc">
      <Filter>Fichiers sources</Filter>
    </ClCompile>
    <ClCompile Include="src\Book\Book.Section.cc">
      <Filter>Fichiers sources</Filter>
    </ClCompile>
    <ClCompile Include="src\Book\Book.Section.Contents.cc">
      <Filter>Fichiers sources</Filter>
    </ClCompile>
    <ClCompile Include="src\Book\Book.Section.Contents.Element.cc">
      <Filter>Fichiers sources</Filter>
    </ClCompile>
    <ClCompile Include="src\Book\BookEnums.cc">
      <Filter>Fichiers sources</Filter>
    </ClCompile>
    <ClCompile Include="src\Book\StmlText.cc">
      <Filter>Fichiers sources</Filter>
    </ClCompile>
    <ClCompile Include="src\Book\TextProc.cxx">
      <Filter>Fichiers sources</Filter>
    </ClCompile>
    <ClCompile Include="src\Book\Tests\Test.cxx">
      <Filter>Fichiers sources</Filter>
    </ClCompile>
    <ClCompile Include="src\Book\SVScanner.cxx">
      <Filter>Fichiers sources</Filter>
    </ClCompile>
  </ItemGroup>
</Project>